
Microsoft Visual Studio Solution File, Format Version 12.00
# Visual Studio 15
VisualStudioVersion = 15.0.27130.2010
MinimumVisualStudioVersion = 10.0.40219.1
Project("{FAE04EC0-301F-11D3-BF4B-00C04F79EFBC}") = "1QuickStartEntityFramework", "1QuickStartEntityFramework\1QuickStartEntityFramework.csproj", "{A17D6886-006C-46EF-8934-37A64EF6971E}"
EndProject
Global
	GlobalSection(SolutionConfigurationPlatforms) = preSolution
		Debug|Any CPU = Debug|Any CPU
		Release|Any CPU = Release|Any CPU
	EndGlobalSection
	GlobalSection(ProjectConfigurationPlatforms) = postSolution
		{A17D6886-006C-46EF-8934-37A64EF6971E}.Debug|Any CPU.ActiveCfg = Debug|Any CPU
		{A17D6886-006C-46EF-8934-37A64EF6971E}.Debug|Any CPU.Build.0 = Debug|Any CPU
		{A17D6886-006C-46EF-8934-37A64EF6971E}.Release|Any CPU.ActiveCfg = Release|Any CPU
		{A17D6886-006C-46EF-8934-37A64EF6971E}.Release|Any CPU.Build.0 = Release|Any CPU
	EndGlobalSection
	GlobalSection(SolutionProperties) = preSolution
		HideSolutionNode = FALSE
	EndGlobalSection
	GlobalSection(ExtensibilityGlobals) = postSolution
		SolutionGuid = {3F0F993F-1F15-4D4C-A893-C10F69CF296F}
	EndGlobalSection
EndGlobal
